
Microsoft Visual Studio Solution File, Format Version 12.00
# Visual Studio Version 17
VisualStudioVersion = 17.5.33530.505
MinimumVisualStudioVersion = 10.0.40219.1
Project("{8BC9CEB8-8B4A-11D0-8D11-00A0C91BC942}") = "IntroductuionToOOP", "IntroductuionToOOP\IntroductuionToOOP.vcxproj", "{6C43C775-2FA6-473D-9978-C23D133C4E83}"
EndProject
Project("{8BC9CEB8-8B4A-11D0-8D11-00A0C91BC942}") = "Fraction", "Fraction\Fraction.vcxproj", "{F0D4BBBB-DDCC-47CA-8196-B64C42608B1B}"
EndProject
Project("{8BC9CEB8-8B4A-11D0-8D11-00A0C91BC942}") = "Class Fraction", "Class Fraction\Class Fraction.vcxproj", "{EB847CF8-6DC6-466F-BE0E-FC9D80D2F032}"
EndProject
Project("{8BC9CEB8-8B4A-11D0-8D11-00A0C91BC942}") = "String", "String\String.vcxproj", "{6C811F14-0FAD-4721-B5D7-79523A700DE9}"
EndProject
Global
	GlobalSection(SolutionConfigurationPlatforms) = preSolution
		Debug|x64 = Debug|x64
		Debug|x86 = Debug|x86
		Release|x64 = Release|x64
		Release|x86 = Release|x86
	EndGlobalSection
	GlobalSection(ProjectConfigurationPlatforms) = postSolution
		{6C43C775-2FA6-473D-9978-C23D133C4E83}.Debug|x64.ActiveCfg = Debug|x64
		{6C43C775-2FA6-473D-9978-C23D133C4E83}.Debug|x64.Build.0 = Debug|x64
		{6C43C775-2FA6-473D-9978-C23D133C4E83}.Debug|x86.ActiveCfg = Debug|Win32
		{6C43C775-2FA6-473D-9978-C23D133C4E83}.Debug|x86.Build.0 = Debug|Win32
		{6C43C775-2FA6-473D-9978-C23D133C4E83}.Release|x64.ActiveCfg = Release|x64
		{6C43C775-2FA6-473D-9978-C23D133C4E83}.Release|x64.Build.0 = Release|x64
		{6C43C775-2FA6-473D-9978-C23D133C4E83}.Release|x86.ActiveCfg = Release|Win32
		{6C43C775-2FA6-473D-9978-C23D133C4E83}.Release|x86.Build.0 = Release|Win32
		{F0D4BBBB-DDCC-47CA-8196-B64C42608B1B}.Debug|x64.ActiveCfg = Debug|x64
		{F0D4BBBB-DDCC-47CA-8196-B64C42608B1B}.Debug|x64.Build.0 = Debug|x64
		{F0D4BBBB-DDCC-47CA-8196-B64C42608B1B}.Debug|x86.ActiveCfg = Debug|Win32
		{F0D4BBBB-DDCC-47CA-8196-B64C42608B1B}.Debug|x86.Build.0 = Debug|Win32
		{F0D4BBBB-DDCC-47CA-8196-B64C42608B1B}.Release|x64.ActiveCfg = Release|x64
		{F0D4BBBB-DDCC-47CA-8196-B64C42608B1B}.Release|x64.Build.0 = Release|x64
		{F0D4BBBB-DDCC-47CA-8196-B64C42608B1B}.Release|x86.ActiveCfg = Release|Win32
		{F0D4BBBB-DDCC-47CA-8196-B64C42608B1B}.Release|x86.Build.0 = Release|Win32
		{EB847CF8-6DC6-466F-BE0E-FC9D80D2F032}.Debug|x64.ActiveCfg = Debug|x64
		{EB847CF8-6DC6-466F-BE0E-FC9D80D2F032}.Debug|x64.Build.0 = Debug|x64
		{EB847CF8-6DC6-466F-BE0E-FC9D80D2F032}.Debug|x86.ActiveCfg = Debug|Win32
		{EB847CF8-6DC6-466F-BE0E-FC9D80D2F032}.Debug|x86.Build.0 = Debug|Win32
		{EB847CF8-6DC6-466F-BE0E-FC9D80D2F032}.Release|x64.ActiveCfg = Release|x64
		{EB847CF8-6DC6-466F-BE0E-FC9D80D2F032}.Release|x64.Build.0 = Release|x64
		{EB847CF8-6DC6-466F-BE0E-FC9D80D2F032}.Release|x86.ActiveCfg = Release|Win32
		{EB847CF8-6DC6-466F-BE0E-FC9D80D2F032}.Release|x86.Build.0 = Release|Win32
		{6C811F14-0FAD-4721-B5D7-79523A700DE9}.Debug|x64.ActiveCfg = Debug|x64
		{6C811F14-0FAD-4721-B5D7-79523A700DE9}.Debug|x64.Build.0 = Debug|x64
		{6C811F14-0FAD-4721-B5D7-79523A700DE9}.Debug|x86.ActiveCfg = Debug|Win32
		{6C811F14-0FAD-4721-B5D7-79523A700DE9}.Debug|x86.Build.0 = Debug|Win32
		{6C811F14-0FAD-4721-B5D7-79523A700DE9}.Release|x64.ActiveCfg = Release|x64
		{6C811F14-0FAD-4721-B5D7-79523A700DE9}.Release|x64.Build.0 = Release|x64
		{6C811F14-0FAD-4721-B5D7-79523A700DE9}.Release|x86.ActiveCfg = Release|Win32
		{6C811F14-0FAD-4721-B5D7-79523A700DE9}.Release|x86.Build.0 = Release|Win32
	EndGlobalSection
	GlobalSection(SolutionProperties) = preSolution
		HideSolutionNode = FALSE
	EndGlobalSection
	GlobalSection(ExtensibilityGlobals) = postSolution
		SolutionGuid = {5099CA96-7255-4C56-8498-97FC88DC3578}
	EndGlobalSection
EndGlobal
